// !$*UTF8*$!
{
	archiveVersion = 1;
	classes = {
	};
	objectVersion = 56;
	objects = {

/* Begin PBXBuildFile section */
		373696E9299D0F3700FE2188 /* SearchMovieViewModelTests.swift in Sources */ = {isa = PBXBuildFile; fileRef = 373696E8299D0F3700FE2188 /* SearchMovieViewModelTests.swift */; };
		37DA79DD2990C69B000B5590 /* AppDelegate.swift in Sources */ = {isa = PBXBuildFile; fileRef = 37DA79DC2990C69B000B5590 /* AppDelegate.swift */; };
		37DA79DF2990C69B000B5590 /* SceneDelegate.swift in Sources */ = {isa = PBXBuildFile; fileRef = 37DA79DE2990C69B000B5590 /* SceneDelegate.swift */; };
		37DA79E12990C69B000B5590 /* BoxOfficeListViewController.swift in Sources */ = {isa = PBXBuildFile; fileRef = 37DA79E02990C69B000B5590 /* BoxOfficeListViewController.swift */; };
		37DA79E62990C69C000B5590 /* Assets.xcassets in Resources */ = {isa = PBXBuildFile; fileRef = 37DA79E52990C69C000B5590 /* Assets.xcassets */; };
		37DA79E92990C69C000B5590 /* LaunchScreen.storyboard in Resources */ = {isa = PBXBuildFile; fileRef = 37DA79E72990C69C000B5590 /* LaunchScreen.storyboard */; };
		37DA79F52990CB1F000B5590 /* BoxOfficeDTO.swift in Sources */ = {isa = PBXBuildFile; fileRef = 37DA79F42990CB1F000B5590 /* BoxOfficeDTO.swift */; };
		37DA7A0B2990D2CB000B5590 /* Alamofire in Frameworks */ = {isa = PBXBuildFile; productRef = 37DA7A0A2990D2CB000B5590 /* Alamofire */; };
		37DA7A0D2990D2D9000B5590 /* NetworkManager.swift in Sources */ = {isa = PBXBuildFile; fileRef = 37DA7A0C2990D2D9000B5590 /* NetworkManager.swift */; };
		37DA7A2A2990DCC5000B5590 /* RxCocoa in Frameworks */ = {isa = PBXBuildFile; productRef = 37DA7A292990DCC5000B5590 /* RxCocoa */; };
		37DA7A2C2990DCC5000B5590 /* RxRelay in Frameworks */ = {isa = PBXBuildFile; productRef = 37DA7A2B2990DCC5000B5590 /* RxRelay */; };
		37DA7A2E2990DCC5000B5590 /* RxSwift in Frameworks */ = {isa = PBXBuildFile; productRef = 37DA7A2D2990DCC5000B5590 /* RxSwift */; };
		37DA7A4B2990E067000B5590 /* BoxOfficeDecodeTests.swift in Sources */ = {isa = PBXBuildFile; fileRef = 37DA79FC2990CBD9000B5590 /* BoxOfficeDecodeTests.swift */; };
		37DA7A4C2990E06A000B5590 /* NetworkManagerTests.swift in Sources */ = {isa = PBXBuildFile; fileRef = 37DA7A212990D8F6000B5590 /* NetworkManagerTests.swift */; };
		37DA7A4F2990E08F000B5590 /* Box_Office_Sample.json in Resources */ = {isa = PBXBuildFile; fileRef = 37DA7A042990CC33000B5590 /* Box_Office_Sample.json */; };
		37DA7A532990EAF9000B5590 /* Date+Extension.swift in Sources */ = {isa = PBXBuildFile; fileRef = 37DA7A522990EAF9000B5590 /* Date+Extension.swift */; };
		37DA7A562990F533000B5590 /* MovieDTO.swift in Sources */ = {isa = PBXBuildFile; fileRef = 37DA7A552990F533000B5590 /* MovieDTO.swift */; };
		37DA7A602991CBBE000B5590 /* BoxOfficeEndPoint.swift in Sources */ = {isa = PBXBuildFile; fileRef = 37DA7A5F2991CBBE000B5590 /* BoxOfficeEndPoint.swift */; };
		37DA7A652991D641000B5590 /* BoxOfficeListViewModel.swift in Sources */ = {isa = PBXBuildFile; fileRef = 37DA7A642991D641000B5590 /* BoxOfficeListViewModel.swift */; };
		37DA7A672991E7A9000B5590 /* BoxOfficeListViewModelTests.swift in Sources */ = {isa = PBXBuildFile; fileRef = 37DA7A662991E7A9000B5590 /* BoxOfficeListViewModelTests.swift */; };
		37DA7A7129936454000B5590 /* BoxOfficeRepository.swift in Sources */ = {isa = PBXBuildFile; fileRef = 37DA7A7029936454000B5590 /* BoxOfficeRepository.swift */; };
		37DA7A75299369D2000B5590 /* SnapKit in Frameworks */ = {isa = PBXBuildFile; productRef = 37DA7A74299369D2000B5590 /* SnapKit */; };
		37DA7A7729936A08000B5590 /* BoxOfficeListView.swift in Sources */ = {isa = PBXBuildFile; fileRef = 37DA7A7629936A08000B5590 /* BoxOfficeListView.swift */; };
		37DA7A7929936BE4000B5590 /* BoxOfficeCollectionViewCell.swift in Sources */ = {isa = PBXBuildFile; fileRef = 37DA7A7829936BE4000B5590 /* BoxOfficeCollectionViewCell.swift */; };
		37DA7A7B29936E7D000B5590 /* ViewSettingProtocol.swift in Sources */ = {isa = PBXBuildFile; fileRef = 37DA7A7A29936E7D000B5590 /* ViewSettingProtocol.swift */; };
		37DA7A7D29937995000B5590 /* BoxOfficeModel.swift in Sources */ = {isa = PBXBuildFile; fileRef = 37DA7A7C29937995000B5590 /* BoxOfficeModel.swift */; };
		37DA7A8029939A49000B5590 /* LodingViewProtocol.swift in Sources */ = {isa = PBXBuildFile; fileRef = 37DA7A7F29939A49000B5590 /* LodingViewProtocol.swift */; };
		37DA7A822993CF52000B5590 /* Coodinator.swift in Sources */ = {isa = PBXBuildFile; fileRef = 37DA7A812993CF52000B5590 /* Coodinator.swift */; };
		37DA7A852993D6B9000B5590 /* BoxOfficeMainCoodinator.swift in Sources */ = {isa = PBXBuildFile; fileRef = 37DA7A842993D6B9000B5590 /* BoxOfficeMainCoodinator.swift */; };
		37DA7A952995285A000B5590 /* MovieInfoCoodinator.swift in Sources */ = {isa = PBXBuildFile; fileRef = 37DA7A942995285A000B5590 /* MovieInfoCoodinator.swift */; };
		37DA7A9729952898000B5590 /* MovieInfoViewModel.swift in Sources */ = {isa = PBXBuildFile; fileRef = 37DA7A9629952898000B5590 /* MovieInfoViewModel.swift */; };
		37DA7A99299528B7000B5590 /* MovieInfoViewController.swift in Sources */ = {isa = PBXBuildFile; fileRef = 37DA7A98299528B7000B5590 /* MovieInfoViewController.swift */; };
		37DA7A9B29976761000B5590 /* NaverRepository.swift in Sources */ = {isa = PBXBuildFile; fileRef = 37DA7A9A29976761000B5590 /* NaverRepository.swift */; };
		37DA7A9D299767B5000B5590 /* MovieInfoModel.swift in Sources */ = {isa = PBXBuildFile; fileRef = 37DA7A9C299767B5000B5590 /* MovieInfoModel.swift */; };
		37DA7AA129976EA6000B5590 /* MovieInfoViewModelTests.swift in Sources */ = {isa = PBXBuildFile; fileRef = 37DA7AA029976EA6000B5590 /* MovieInfoViewModelTests.swift */; };
		37DA7AA429977093000B5590 /* MockNetworkData.swift in Sources */ = {isa = PBXBuildFile; fileRef = 37DA7A062990D03A000B5590 /* MockNetworkData.swift */; };
		37DA7AA529977097000B5590 /* MockURLProtocol.swift in Sources */ = {isa = PBXBuildFile; fileRef = 37DA7A5729911AB9000B5590 /* MockURLProtocol.swift */; };
		37DA7AAA2997736A000B5590 /* RxCocoa in Frameworks */ = {isa = PBXBuildFile; productRef = 37DA7AA92997736A000B5590 /* RxCocoa */; };
		37DA7AAC2997DFA1000B5590 /* MovieInfoView.swift in Sources */ = {isa = PBXBuildFile; fileRef = 37DA7AAB2997DFA1000B5590 /* MovieInfoView.swift */; };
		37DA7AAE2998CF75000B5590 /* NaverSearchEndPoint.swift in Sources */ = {isa = PBXBuildFile; fileRef = 37DA7AAD2998CF75000B5590 /* NaverSearchEndPoint.swift */; };
		37DA7AB02998D4E6000B5590 /* NaverImageDTO.swift in Sources */ = {isa = PBXBuildFile; fileRef = 37DA7AAF2998D4E6000B5590 /* NaverImageDTO.swift */; };
		37DA7AB22998FCC1000B5590 /* String+Extension.swift in Sources */ = {isa = PBXBuildFile; fileRef = 37DA7AB12998FCC1000B5590 /* String+Extension.swift */; };
		37DA7AB829990580000B5590 /* DateSelectCoodinator.swift in Sources */ = {isa = PBXBuildFile; fileRef = 37DA7AB729990580000B5590 /* DateSelectCoodinator.swift */; };
		37DA7ABA299905D7000B5590 /* DateSelectViewController.swift in Sources */ = {isa = PBXBuildFile; fileRef = 37DA7AB9299905D7000B5590 /* DateSelectViewController.swift */; };
		37DA7ABC29990645000B5590 /* DateSelectViewModel.swift in Sources */ = {isa = PBXBuildFile; fileRef = 37DA7ABB29990645000B5590 /* DateSelectViewModel.swift */; };
		37DA7AEF299A12B3000B5590 /* SearchMovieCoodinator.swift in Sources */ = {isa = PBXBuildFile; fileRef = 37DA7AEE299A12B3000B5590 /* SearchMovieCoodinator.swift */; };
		37DA7AF1299A12BD000B5590 /* SearchMovieViewModel.swift in Sources */ = {isa = PBXBuildFile; fileRef = 37DA7AF0299A12BD000B5590 /* SearchMovieViewModel.swift */; };
		37DA7AF3299A12C9000B5590 /* SearchMovieViewController.swift in Sources */ = {isa = PBXBuildFile; fileRef = 37DA7AF2299A12C9000B5590 /* SearchMovieViewController.swift */; };
		37DA7AF8299A412C000B5590 /* NaverMovieDTO.swift in Sources */ = {isa = PBXBuildFile; fileRef = 37DA7AF7299A412C000B5590 /* NaverMovieDTO.swift */; };
		37DA7AFA299A4349000B5590 /* NaverMovieModel.swift in Sources */ = {isa = PBXBuildFile; fileRef = 37DA7AF9299A4349000B5590 /* NaverMovieModel.swift */; };
		37DA7AFC299A4F41000B5590 /* SearMovieResultTableViewCell.swift in Sources */ = {isa = PBXBuildFile; fileRef = 37DA7AFB299A4F41000B5590 /* SearMovieResultTableViewCell.swift */; };
		37DA7AFE299A9717000B5590 /* ImageCacheManager.swift in Sources */ = {isa = PBXBuildFile; fileRef = 37DA7AFD299A9717000B5590 /* ImageCacheManager.swift */; };
		37DA7B00299B6266000B5590 /* MovieSearchListDTO.swift in Sources */ = {isa = PBXBuildFile; fileRef = 37DA7AFF299B6266000B5590 /* MovieSearchListDTO.swift */; };
/* End PBXBuildFile section */

/* Begin PBXContainerItemProxy section */
		37DA7A462990E04B000B5590 /* PBXContainerItemProxy */ = {
			isa = PBXContainerItemProxy;
			containerPortal = 37DA79D12990C69A000B5590 /* Project object */;
			proxyType = 1;
			remoteGlobalIDString = 37DA79D82990C69A000B5590;
			remoteInfo = MyBoxOffice;
		};
/* End PBXContainerItemProxy section */

/* Begin PBXFileReference section */
		373696E6299CCC6100FE2188 /* MyBoxOffice.app */ = {isa = PBXFileReference; explicitFileType = wrapper.application; includeInIndex = 0; name = MyBoxOffice.app; path = "/Users/NAMU/Documents/Portfolio/MyBoxOffice/MyBoxOffice/build/Debug-iphoneos/MyBoxOffice.app"; sourceTree = "<absolute>"; };
		373696E7299CCC6100FE2188 /* MyBoxOfficeTests.xctest */ = {isa = PBXFileReference; explicitFileType = wrapper.cfbundle; includeInIndex = 0; name = MyBoxOfficeTests.xctest; path = /Users/NAMU/Documents/Portfolio/MyBoxOffice/MyBoxOffice/build/Debug/MyBoxOfficeTests.xctest; sourceTree = "<absolute>"; };
		373696E8299D0F3700FE2188 /* SearchMovieViewModelTests.swift */ = {isa = PBXFileReference; lastKnownFileType = sourcecode.swift; path = SearchMovieViewModelTests.swift; sourceTree = "<group>"; };
		37DA79DC2990C69B000B5590 /* AppDelegate.swift */ = {isa = PBXFileReference; lastKnownFileType = sourcecode.swift; path = AppDelegate.swift; sourceTree = "<group>"; };
		37DA79DE2990C69B000B5590 /* SceneDelegate.swift */ = {isa = PBXFileReference; lastKnownFileType = sourcecode.swift; path = SceneDelegate.swift; sourceTree = "<group>"; };
		37DA79E02990C69B000B5590 /* BoxOfficeListViewController.swift */ = {isa = PBXFileReference; lastKnownFileType = sourcecode.swift; path = BoxOfficeListViewController.swift; sourceTree = "<group>"; };
		37DA79E52990C69C000B5590 /* Assets.xcassets */ = {isa = PBXFileReference; lastKnownFileType = folder.assetcatalog; path = Assets.xcassets; sourceTree = "<group>"; };
		37DA79E82990C69C000B5590 /* Base */ = {isa = PBXFileReference; lastKnownFileType = file.storyboard; name = Base; path = Base.lproj/LaunchScreen.storyboard; sourceTree = "<group>"; };
		37DA79EA2990C69C000B5590 /* Info.plist */ = {isa = PBXFileReference; lastKnownFileType = text.plist.xml; path = Info.plist; sourceTree = "<group>"; };
		37DA79F42990CB1F000B5590 /* BoxOfficeDTO.swift */ = {isa = PBXFileReference; lastKnownFileType = sourcecode.swift; path = BoxOfficeDTO.swift; sourceTree = "<group>"; };
		37DA79FC2990CBD9000B5590 /* BoxOfficeDecodeTests.swift */ = {isa = PBXFileReference; lastKnownFileType = sourcecode.swift; path = BoxOfficeDecodeTests.swift; sourceTree = "<group>"; };
		37DA7A042990CC33000B5590 /* Box_Office_Sample.json */ = {isa = PBXFileReference; fileEncoding = 4; lastKnownFileType = text.json; path = Box_Office_Sample.json; sourceTree = "<group>"; };
		37DA7A062990D03A000B5590 /* MockNetworkData.swift */ = {isa = PBXFileReference; lastKnownFileType = sourcecode.swift; path = MockNetworkData.swift; sourceTree = "<group>"; };
		37DA7A0C2990D2D9000B5590 /* NetworkManager.swift */ = {isa = PBXFileReference; lastKnownFileType = sourcecode.swift; path = NetworkManager.swift; sourceTree = "<group>"; };
		37DA7A212990D8F6000B5590 /* NetworkManagerTests.swift */ = {isa = PBXFileReference; lastKnownFileType = sourcecode.swift; path = NetworkManagerTests.swift; sourceTree = "<group>"; };
		37DA7A522990EAF9000B5590 /* Date+Extension.swift */ = {isa = PBXFileReference; lastKnownFileType = sourcecode.swift; path = "Date+Extension.swift"; sourceTree = "<group>"; };
		37DA7A552990F533000B5590 /* MovieDTO.swift */ = {isa = PBXFileReference; lastKnownFileType = sourcecode.swift; path = MovieDTO.swift; sourceTree = "<group>"; };
		37DA7A5729911AB9000B5590 /* MockURLProtocol.swift */ = {isa = PBXFileReference; lastKnownFileType = sourcecode.swift; path = MockURLProtocol.swift; sourceTree = "<group>"; };
		37DA7A5F2991CBBE000B5590 /* BoxOfficeEndPoint.swift */ = {isa = PBXFileReference; lastKnownFileType = sourcecode.swift; path = BoxOfficeEndPoint.swift; sourceTree = "<group>"; };
		37DA7A642991D641000B5590 /* BoxOfficeListViewModel.swift */ = {isa = PBXFileReference; lastKnownFileType = sourcecode.swift; path = BoxOfficeListViewModel.swift; sourceTree = "<group>"; };
		37DA7A662991E7A9000B5590 /* BoxOfficeListViewModelTests.swift */ = {isa = PBXFileReference; lastKnownFileType = sourcecode.swift; path = BoxOfficeListViewModelTests.swift; sourceTree = "<group>"; };
		37DA7A7029936454000B5590 /* BoxOfficeRepository.swift */ = {isa = PBXFileReference; lastKnownFileType = sourcecode.swift; path = BoxOfficeRepository.swift; sourceTree = "<group>"; };
		37DA7A7629936A08000B5590 /* BoxOfficeListView.swift */ = {isa = PBXFileReference; lastKnownFileType = sourcecode.swift; path = BoxOfficeListView.swift; sourceTree = "<group>"; };
		37DA7A7829936BE4000B5590 /* BoxOfficeCollectionViewCell.swift */ = {isa = PBXFileReference; lastKnownFileType = sourcecode.swift; path = BoxOfficeCollectionViewCell.swift; sourceTree = "<group>"; };
		37DA7A7A29936E7D000B5590 /* ViewSettingProtocol.swift */ = {isa = PBXFileReference; lastKnownFileType = sourcecode.swift; path = ViewSettingProtocol.swift; sourceTree = "<group>"; };
		37DA7A7C29937995000B5590 /* BoxOfficeModel.swift */ = {isa = PBXFileReference; lastKnownFileType = sourcecode.swift; path = BoxOfficeModel.swift; sourceTree = "<group>"; };
		37DA7A7F29939A49000B5590 /* LodingViewProtocol.swift */ = {isa = PBXFileReference; lastKnownFileType = sourcecode.swift; path = LodingViewProtocol.swift; sourceTree = "<group>"; };
		37DA7A812993CF52000B5590 /* Coodinator.swift */ = {isa = PBXFileReference; lastKnownFileType = sourcecode.swift; path = Coodinator.swift; sourceTree = "<group>"; };
		37DA7A842993D6B9000B5590 /* BoxOfficeMainCoodinator.swift */ = {isa = PBXFileReference; lastKnownFileType = sourcecode.swift; path = BoxOfficeMainCoodinator.swift; sourceTree = "<group>"; };
		37DA7A942995285A000B5590 /* MovieInfoCoodinator.swift */ = {isa = PBXFileReference; lastKnownFileType = sourcecode.swift; path = MovieInfoCoodinator.swift; sourceTree = "<group>"; };
		37DA7A9629952898000B5590 /* MovieInfoViewModel.swift */ = {isa = PBXFileReference; lastKnownFileType = sourcecode.swift; path = MovieInfoViewModel.swift; sourceTree = "<group>"; };
		37DA7A98299528B7000B5590 /* MovieInfoViewController.swift */ = {isa = PBXFileReference; lastKnownFileType = sourcecode.swift; path = MovieInfoViewController.swift; sourceTree = "<group>"; };
		37DA7A9A29976761000B5590 /* NaverRepository.swift */ = {isa = PBXFileReference; lastKnownFileType = sourcecode.swift; path = NaverRepository.swift; sourceTree = "<group>"; };
		37DA7A9C299767B5000B5590 /* MovieInfoModel.swift */ = {isa = PBXFileReference; lastKnownFileType = sourcecode.swift; path = MovieInfoModel.swift; sourceTree = "<group>"; };
		37DA7AA029976EA6000B5590 /* MovieInfoViewModelTests.swift */ = {isa = PBXFileReference; lastKnownFileType = sourcecode.swift; path = MovieInfoViewModelTests.swift; sourceTree = "<group>"; };
		37DA7AAB2997DFA1000B5590 /* MovieInfoView.swift */ = {isa = PBXFileReference; lastKnownFileType = sourcecode.swift; path = MovieInfoView.swift; sourceTree = "<group>"; };
		37DA7AAD2998CF75000B5590 /* NaverSearchEndPoint.swift */ = {isa = PBXFileReference; lastKnownFileType = sourcecode.swift; path = NaverSearchEndPoint.swift; sourceTree = "<group>"; };
		37DA7AAF2998D4E6000B5590 /* NaverImageDTO.swift */ = {isa = PBXFileReference; lastKnownFileType = sourcecode.swift; path = NaverImageDTO.swift; sourceTree = "<group>"; };
		37DA7AB12998FCC1000B5590 /* String+Extension.swift */ = {isa = PBXFileReference; lastKnownFileType = sourcecode.swift; path = "String+Extension.swift"; sourceTree = "<group>"; };
		37DA7AB729990580000B5590 /* DateSelectCoodinator.swift */ = {isa = PBXFileReference; lastKnownFileType = sourcecode.swift; path = DateSelectCoodinator.swift; sourceTree = "<group>"; };
		37DA7AB9299905D7000B5590 /* DateSelectViewController.swift */ = {isa = PBXFileReference; lastKnownFileType = sourcecode.swift; path = DateSelectViewController.swift; sourceTree = "<group>"; };
		37DA7ABB29990645000B5590 /* DateSelectViewModel.swift */ = {isa = PBXFileReference; lastKnownFileType = sourcecode.swift; path = DateSelectViewModel.swift; sourceTree = "<group>"; };
		37DA7AEE299A12B3000B5590 /* SearchMovieCoodinator.swift */ = {isa = PBXFileReference; lastKnownFileType = sourcecode.swift; path = SearchMovieCoodinator.swift; sourceTree = "<group>"; };
		37DA7AF0299A12BD000B5590 /* SearchMovieViewModel.swift */ = {isa = PBXFileReference; lastKnownFileType = sourcecode.swift; path = SearchMovieViewModel.swift; sourceTree = "<group>"; };
		37DA7AF2299A12C9000B5590 /* SearchMovieViewController.swift */ = {isa = PBXFileReference; lastKnownFileType = sourcecode.swift; path = SearchMovieViewController.swift; sourceTree = "<group>"; };
		37DA7AF7299A412C000B5590 /* NaverMovieDTO.swift */ = {isa = PBXFileReference; lastKnownFileType = sourcecode.swift; path = NaverMovieDTO.swift; sourceTree = "<group>"; };
		37DA7AF9299A4349000B5590 /* NaverMovieModel.swift */ = {isa = PBXFileReference; lastKnownFileType = sourcecode.swift; path = NaverMovieModel.swift; sourceTree = "<group>"; };
		37DA7AFB299A4F41000B5590 /* SearMovieResultTableViewCell.swift */ = {isa = PBXFileReference; lastKnownFileType = sourcecode.swift; path = SearMovieResultTableViewCell.swift; sourceTree = "<group>"; };
		37DA7AFD299A9717000B5590 /* ImageCacheManager.swift */ = {isa = PBXFileReference; lastKnownFileType = sourcecode.swift; path = ImageCacheManager.swift; sourceTree = "<group>"; };
		37DA7AFF299B6266000B5590 /* MovieSearchListDTO.swift */ = {isa = PBXFileReference; lastKnownFileType = sourcecode.swift; path = MovieSearchListDTO.swift; sourceTree = "<group>"; };
/* End PBXFileReference section */

/* Begin PBXFrameworksBuildPhase section */
		37DA79D62990C69A000B5590 /* Frameworks */ = {
			isa = PBXFrameworksBuildPhase;
			buildActionMask = 2147483647;
			files = (
				37DA7A2C2990DCC5000B5590 /* RxRelay in Frameworks */,
				37DA7A2A2990DCC5000B5590 /* RxCocoa in Frameworks */,
				37DA7A2E2990DCC5000B5590 /* RxSwift in Frameworks */,
				37DA7A0B2990D2CB000B5590 /* Alamofire in Frameworks */,
				37DA7A75299369D2000B5590 /* SnapKit in Frameworks */,
			);
			runOnlyForDeploymentPostprocessing = 0;
		};
		37DA7A3F2990E04B000B5590 /* Frameworks */ = {
			isa = PBXFrameworksBuildPhase;
			buildActionMask = 2147483647;
			files = (
				37DA7AAA2997736A000B5590 /* RxCocoa in Frameworks */,
			);
			runOnlyForDeploymentPostprocessing = 0;
		};
/* End PBXFrameworksBuildPhase section */

/* Begin PBXGroup section */
		37DA79D02990C69A000B5590 = {
			isa = PBXGroup;
			children = (
				37DA79DB2990C69A000B5590 /* MyBoxOffice */,
				37DA7A432990E04B000B5590 /* MyBoxOfficeTests */,
			);
			sourceTree = "<group>";
		};
		37DA79DB2990C69A000B5590 /* MyBoxOffice */ = {
			isa = PBXGroup;
			children = (
				37DA79F02990C7B7000B5590 /* Application */,
				37DA7A8F2993DF07000B5590 /* Common */,
				37DA7A6E29936433000B5590 /* Model */,
				37DA79F12990C7C8000B5590 /* Scene */,
				37DA79F22990C7F8000B5590 /* Resources */,
			);
			path = MyBoxOffice;
			sourceTree = "<group>";
		};
		37DA79F02990C7B7000B5590 /* Application */ = {
			isa = PBXGroup;
			children = (
				37DA79DC2990C69B000B5590 /* AppDelegate.swift */,
				37DA79DE2990C69B000B5590 /* SceneDelegate.swift */,
				37DA7A812993CF52000B5590 /* Coodinator.swift */,
			);
			path = Application;
			sourceTree = "<group>";
		};
		37DA79F12990C7C8000B5590 /* Scene */ = {
			isa = PBXGroup;
			children = (
				37DA7AEA299A106C000B5590 /* SearchMovie */,
				37DA7A612991D5FF000B5590 /* BoxOfficeList */,
				37DA7A862993D8FE000B5590 /* MovieInfo */,
				37DA7AB3299904F2000B5590 /* DateSelect */,
			);
			path = Scene;
			sourceTree = "<group>";
		};
		37DA79F22990C7F8000B5590 /* Resources */ = {
			isa = PBXGroup;
			children = (
				37DA79E52990C69C000B5590 /* Assets.xcassets */,
				37DA79E72990C69C000B5590 /* LaunchScreen.storyboard */,
				37DA79EA2990C69C000B5590 /* Info.plist */,
			);
			path = Resources;
			sourceTree = "<group>";
		};
		37DA79F32990CB03000B5590 /* Network */ = {
			isa = PBXGroup;
			children = (
				37DA7A542990F520000B5590 /* DTO */,
				37DA7A5E2991CB9C000B5590 /* EndPoint */,
				37DA7A72299366C1000B5590 /* Manager */,
			);
			path = Network;
			sourceTree = "<group>";
		};
		37DA7A032990CC1D000B5590 /* TestDouble */ = {
			isa = PBXGroup;
			children = (
				37DA7A042990CC33000B5590 /* Box_Office_Sample.json */,
				37DA7A062990D03A000B5590 /* MockNetworkData.swift */,
				37DA7A5729911AB9000B5590 /* MockURLProtocol.swift */,
			);
			path = TestDouble;
			sourceTree = "<group>";
		};
		37DA7A202990D8F6000B5590 /* NetworkManagerTests */ = {
			isa = PBXGroup;
			children = (
				37DA7A212990D8F6000B5590 /* NetworkManagerTests.swift */,
			);
			path = NetworkManagerTests;
			sourceTree = "<group>";
		};
		37DA7A312990E01C000B5590 /* BoxOfficeDecodeTests */ = {
			isa = PBXGroup;
			children = (
				37DA79FC2990CBD9000B5590 /* BoxOfficeDecodeTests.swift */,
			);
			path = BoxOfficeDecodeTests;
			sourceTree = "<group>";
		};
		37DA7A432990E04B000B5590 /* MyBoxOfficeTests */ = {
			isa = PBXGroup;
			children = (
				37DA7A312990E01C000B5590 /* BoxOfficeDecodeTests */,
				37DA7A202990D8F6000B5590 /* NetworkManagerTests */,
				37DA7A9F29976E83000B5590 /* ViewModelTests */,
				37DA7A032990CC1D000B5590 /* TestDouble */,
			);
			path = MyBoxOfficeTests;
			sourceTree = "<group>";
		};
		37DA7A512990EAEB000B5590 /* Extension */ = {
			isa = PBXGroup;
			children = (
				37DA7A522990EAF9000B5590 /* Date+Extension.swift */,
				37DA7AB12998FCC1000B5590 /* String+Extension.swift */,
			);
			path = Extension;
			sourceTree = "<group>";
		};
		37DA7A542990F520000B5590 /* DTO */ = {
			isa = PBXGroup;
			children = (
				37DA79F42990CB1F000B5590 /* BoxOfficeDTO.swift */,
				37DA7A552990F533000B5590 /* MovieDTO.swift */,
				37DA7AFF299B6266000B5590 /* MovieSearchListDTO.swift */,
				37DA7AAF2998D4E6000B5590 /* NaverImageDTO.swift */,
				37DA7AF7299A412C000B5590 /* NaverMovieDTO.swift */,
			);
			path = DTO;
			sourceTree = "<group>";
		};
		37DA7A5E2991CB9C000B5590 /* EndPoint */ = {
			isa = PBXGroup;
			children = (
				37DA7A5F2991CBBE000B5590 /* BoxOfficeEndPoint.swift */,
				37DA7AAD2998CF75000B5590 /* NaverSearchEndPoint.swift */,
			);
			path = EndPoint;
			sourceTree = "<group>";
		};
		37DA7A612991D5FF000B5590 /* BoxOfficeList */ = {
			isa = PBXGroup;
			children = (
				37DA7A832993D6A1000B5590 /* Coodinator */,
				37DA7A622991D612000B5590 /* View */,
				37DA7A632991D617000B5590 /* ViewModel */,
			);
			path = BoxOfficeList;
			sourceTree = "<group>";
		};
		37DA7A622991D612000B5590 /* View */ = {
			isa = PBXGroup;
			children = (
				37DA79E02990C69B000B5590 /* BoxOfficeListViewController.swift */,
				37DA7A7629936A08000B5590 /* BoxOfficeListView.swift */,
				37DA7A7829936BE4000B5590 /* BoxOfficeCollectionViewCell.swift */,
			);
			path = View;
			sourceTree = "<group>";
		};
		37DA7A632991D617000B5590 /* ViewModel */ = {
			isa = PBXGroup;
			children = (
				37DA7A642991D641000B5590 /* BoxOfficeListViewModel.swift */,
			);
			path = ViewModel;
			sourceTree = "<group>";
		};
		37DA7A6E29936433000B5590 /* Model */ = {
			isa = PBXGroup;
			children = (
				37DA7A7E2993799F000B5590 /* Entities */,
				37DA79F32990CB03000B5590 /* Network */,
				37DA7A6F2993643B000B5590 /* Repository */,
			);
			path = Model;
			sourceTree = "<group>";
		};
		37DA7A6F2993643B000B5590 /* Repository */ = {
			isa = PBXGroup;
			children = (
				37DA7A7029936454000B5590 /* BoxOfficeRepository.swift */,
				37DA7A9A29976761000B5590 /* NaverRepository.swift */,
			);
			path = Repository;
			sourceTree = "<group>";
		};
		37DA7A72299366C1000B5590 /* Manager */ = {
			isa = PBXGroup;
			children = (
				37DA7AFD299A9717000B5590 /* ImageCacheManager.swift */,
				37DA7A0C2990D2D9000B5590 /* NetworkManager.swift */,
			);
			path = Manager;
			sourceTree = "<group>";
		};
		37DA7A7E2993799F000B5590 /* Entities */ = {
			isa = PBXGroup;
			children = (
				37DA7A7C29937995000B5590 /* BoxOfficeModel.swift */,
				37DA7A9C299767B5000B5590 /* MovieInfoModel.swift */,
				37DA7AF9299A4349000B5590 /* NaverMovieModel.swift */,
			);
			path = Entities;
			sourceTree = "<group>";
		};
		37DA7A832993D6A1000B5590 /* Coodinator */ = {
			isa = PBXGroup;
			children = (
				37DA7A842993D6B9000B5590 /* BoxOfficeMainCoodinator.swift */,
			);
			path = Coodinator;
			sourceTree = "<group>";
		};
		37DA7A862993D8FE000B5590 /* MovieInfo */ = {
			isa = PBXGroup;
			children = (
				37DA7A892993D934000B5590 /* Coodinator */,
				37DA7A8C2993D94B000B5590 /* View */,
				37DA7A8B2993D946000B5590 /* ViewModel */,
			);
			path = MovieInfo;
			sourceTree = "<group>";
		};
		37DA7A882993D929000B5590 /* Protocol */ = {
			isa = PBXGroup;
			children = (
				37DA7A7A29936E7D000B5590 /* ViewSettingProtocol.swift */,
				37DA7A7F29939A49000B5590 /* LodingViewProtocol.swift */,
			);
			path = Protocol;
			sourceTree = "<group>";
		};
		37DA7A892993D934000B5590 /* Coodinator */ = {
			isa = PBXGroup;
			children = (
				37DA7A942995285A000B5590 /* MovieInfoCoodinator.swift */,
			);
			path = Coodinator;
			sourceTree = "<group>";
		};
		37DA7A8B2993D946000B5590 /* ViewModel */ = {
			isa = PBXGroup;
			children = (
				37DA7A9629952898000B5590 /* MovieInfoViewModel.swift */,
			);
			path = ViewModel;
			sourceTree = "<group>";
		};
		37DA7A8C2993D94B000B5590 /* View */ = {
			isa = PBXGroup;
			children = (
				37DA7A98299528B7000B5590 /* MovieInfoViewController.swift */,
				37DA7AAB2997DFA1000B5590 /* MovieInfoView.swift */,
			);
			path = View;
			sourceTree = "<group>";
		};
		37DA7A8F2993DF07000B5590 /* Common */ = {
			isa = PBXGroup;
			children = (
				37DA7A512990EAEB000B5590 /* Extension */,
				37DA7A882993D929000B5590 /* Protocol */,
			);
			path = Common;
			sourceTree = "<group>";
		};
		37DA7A9F29976E83000B5590 /* ViewModelTests */ = {
			isa = PBXGroup;
			children = (
				37DA7A662991E7A9000B5590 /* BoxOfficeListViewModelTests.swift */,
				37DA7AA029976EA6000B5590 /* MovieInfoViewModelTests.swift */,
				373696E8299D0F3700FE2188 /* SearchMovieViewModelTests.swift */,
			);
			path = ViewModelTests;
			sourceTree = "<group>";
		};
		37DA7AB3299904F2000B5590 /* DateSelect */ = {
			isa = PBXGroup;
			children = (
				37DA7AB429990512000B5590 /* Coodinator */,
				37DA7AB629990520000B5590 /* View */,
				37DA7AB52999051A000B5590 /* ViewModel */,
			);
			path = DateSelect;
			sourceTree = "<group>";
		};
		37DA7AB429990512000B5590 /* Coodinator */ = {
			isa = PBXGroup;
			children = (
				37DA7AB729990580000B5590 /* DateSelectCoodinator.swift */,
			);
			path = Coodinator;
			sourceTree = "<group>";
		};
		37DA7AB52999051A000B5590 /* ViewModel */ = {
			isa = PBXGroup;
			children = (
				37DA7ABB29990645000B5590 /* DateSelectViewModel.swift */,
			);
			path = ViewModel;
			sourceTree = "<group>";
		};
		37DA7AB629990520000B5590 /* View */ = {
			isa = PBXGroup;
			children = (
				37DA7AB9299905D7000B5590 /* DateSelectViewController.swift */,
			);
			path = View;
			sourceTree = "<group>";
		};
		37DA7AEA299A106C000B5590 /* SearchMovie */ = {
			isa = PBXGroup;
			children = (
				37DA7AED299A1099000B5590 /* Coodinator */,
				37DA7AEB299A108F000B5590 /* View */,
				37DA7AEC299A1093000B5590 /* ViewModel */,
			);
			path = SearchMovie;
			sourceTree = "<group>";
		};
		37DA7AEB299A108F000B5590 /* View */ = {
			isa = PBXGroup;
			children = (
				37DA7AF2299A12C9000B5590 /* SearchMovieViewController.swift */,
				37DA7AFB299A4F41000B5590 /* SearMovieResultTableViewCell.swift */,
			);
			path = View;
			sourceTree = "<group>";
		};
		37DA7AEC299A1093000B5590 /* ViewModel */ = {
			isa = PBXGroup;
			children = (
				37DA7AF0299A12BD000B5590 /* SearchMovieViewModel.swift */,
			);
			path = ViewModel;
			sourceTree = "<group>";
		};
		37DA7AED299A1099000B5590 /* Coodinator */ = {
			isa = PBXGroup;
			children = (
				37DA7AEE299A12B3000B5590 /* SearchMovieCoodinator.swift */,
			);
			path = Coodinator;
			sourceTree = "<group>";
		};
/* End PBXGroup section */

/* Begin PBXNativeTarget section */
		37DA79D82990C69A000B5590 /* MyBoxOffice */ = {
			isa = PBXNativeTarget;
			buildConfigurationList = 37DA79ED2990C69C000B5590 /* Build configuration list for PBXNativeTarget "MyBoxOffice" */;
			buildPhases = (
				37DA79D52990C69A000B5590 /* Sources */,
				37DA79D62990C69A000B5590 /* Frameworks */,
				37DA79D72990C69A000B5590 /* Resources */,
			);
			buildRules = (
			);
			dependencies = (
			);
			name = MyBoxOffice;
			packageProductDependencies = (
				37DA7A0A2990D2CB000B5590 /* Alamofire */,
				37DA7A292990DCC5000B5590 /* RxCocoa */,
				37DA7A2B2990DCC5000B5590 /* RxRelay */,
				37DA7A2D2990DCC5000B5590 /* RxSwift */,
				37DA7A74299369D2000B5590 /* SnapKit */,
			);
			productName = MyBoxOffice;
			productReference = 373696E6299CCC6100FE2188 /* MyBoxOffice.app */;
			productType = "com.apple.product-type.application";
		};
		37DA7A412990E04B000B5590 /* MyBoxOfficeTests */ = {
			isa = PBXNativeTarget;
			buildConfigurationList = 37DA7A482990E04B000B5590 /* Build configuration list for PBXNativeTarget "MyBoxOfficeTests" */;
			buildPhases = (
				37DA7A3E2990E04B000B5590 /* Sources */,
				37DA7A3F2990E04B000B5590 /* Frameworks */,
				37DA7A402990E04B000B5590 /* Resources */,
			);
			buildRules = (
			);
			dependencies = (
				37DA7A472990E04B000B5590 /* PBXTargetDependency */,
			);
			name = MyBoxOfficeTests;
			packageProductDependencies = (
				37DA7AA92997736A000B5590 /* RxCocoa */,
			);
			productName = MyBoxOfficeTests;
			productReference = 373696E7299CCC6100FE2188 /* MyBoxOfficeTests.xctest */;
			productType = "com.apple.product-type.bundle.unit-test";
		};
/* End PBXNativeTarget section */

/* Begin PBXProject section */
		37DA79D12990C69A000B5590 /* Project object */ = {
			isa = PBXProject;
			attributes = {
				BuildIndependentTargetsInParallel = 1;
				LastSwiftUpdateCheck = 1420;
				LastUpgradeCheck = 1420;
				TargetAttributes = {
					37DA79D82990C69A000B5590 = {
						CreatedOnToolsVersion = 14.2;
					};
					37DA7A412990E04B000B5590 = {
						CreatedOnToolsVersion = 14.2;
						TestTargetID = 37DA79D82990C69A000B5590;
					};
				};
			};
			buildConfigurationList = 37DA79D42990C69A000B5590 /* Build configuration list for PBXProject "MyBoxOffice" */;
			compatibilityVersion = "Xcode 14.0";
			developmentRegion = en;
			hasScannedForEncodings = 0;
			knownRegions = (
				en,
				Base,
			);
			mainGroup = 37DA79D02990C69A000B5590;
			packageReferences = (
				37DA7A092990D2CB000B5590 /* XCRemoteSwiftPackageReference "Alamofire" */,
				37DA7A282990DCC5000B5590 /* XCRemoteSwiftPackageReference "RxSwift" */,
				37DA7A73299369D2000B5590 /* XCRemoteSwiftPackageReference "SnapKit" */,
			);
			productRefGroup = 37DA79D02990C69A000B5590;
			projectDirPath = "";
			projectRoot = "";
			targets = (
				37DA79D82990C69A000B5590 /* MyBoxOffice */,
				37DA7A412990E04B000B5590 /* MyBoxOfficeTests */,
			);
		};
/* End PBXProject section */

/* Begin PBXResourcesBuildPhase section */
		37DA79D72990C69A000B5590 /* Resources */ = {
			isa = PBXResourcesBuildPhase;
			buildActionMask = 2147483647;
			files = (
				37DA79E92990C69C000B5590 /* LaunchScreen.storyboard in Resources */,
				37DA79E62990C69C000B5590 /* Assets.xcassets in Resources */,
				37DA7A4F2990E08F000B5590 /* Box_Office_Sample.json in Resources */,
			);
			runOnlyForDeploymentPostprocessing = 0;
		};
		37DA7A402990E04B000B5590 /* Resources */ = {
			isa = PBXResourcesBuildPhase;
			buildActionMask = 2147483647;
			files = (
			);
			runOnlyForDeploymentPostprocessing = 0;
		};
/* End PBXResourcesBuildPhase section */

/* Begin PBXSourcesBuildPhase section */
		37DA79D52990C69A000B5590 /* Sources */ = {
			isa = PBXSourcesBuildPhase;
			buildActionMask = 2147483647;
			files = (
				37DA7A852993D6B9000B5590 /* BoxOfficeMainCoodinator.swift in Sources */,
				37DA79E12990C69B000B5590 /* BoxOfficeListViewController.swift in Sources */,
				37DA7A562990F533000B5590 /* MovieDTO.swift in Sources */,
				37DA7A652991D641000B5590 /* BoxOfficeListViewModel.swift in Sources */,
				37DA79F52990CB1F000B5590 /* BoxOfficeDTO.swift in Sources */,
				37DA7AF8299A412C000B5590 /* NaverMovieDTO.swift in Sources */,
				37DA7ABC29990645000B5590 /* DateSelectViewModel.swift in Sources */,
				37DA7A0D2990D2D9000B5590 /* NetworkManager.swift in Sources */,
				37DA7AB22998FCC1000B5590 /* String+Extension.swift in Sources */,
				37DA7A822993CF52000B5590 /* Coodinator.swift in Sources */,
				37DA7A7D29937995000B5590 /* BoxOfficeModel.swift in Sources */,
				37DA7B00299B6266000B5590 /* MovieSearchListDTO.swift in Sources */,
				37DA7A8029939A49000B5590 /* LodingViewProtocol.swift in Sources */,
				37DA79DD2990C69B000B5590 /* AppDelegate.swift in Sources */,
				37DA7A9B29976761000B5590 /* NaverRepository.swift in Sources */,
				37DA7AB02998D4E6000B5590 /* NaverImageDTO.swift in Sources */,
				37DA7A7729936A08000B5590 /* BoxOfficeListView.swift in Sources */,
				37DA7AF3299A12C9000B5590 /* SearchMovieViewController.swift in Sources */,
				37DA79DF2990C69B000B5590 /* SceneDelegate.swift in Sources */,
				37DA7AFC299A4F41000B5590 /* SearMovieResultTableViewCell.swift in Sources */,
				37DA7AEF299A12B3000B5590 /* SearchMovieCoodinator.swift in Sources */,
				37DA7AFE299A9717000B5590 /* ImageCacheManager.swift in Sources */,
				37DA7A9D299767B5000B5590 /* MovieInfoModel.swift in Sources */,
				37DA7AAC2997DFA1000B5590 /* MovieInfoView.swift in Sources */,
				37DA7A7B29936E7D000B5590 /* ViewSettingProtocol.swift in Sources */,
				37DA7ABA299905D7000B5590 /* DateSelectViewController.swift in Sources */,
				37DA7A7929936BE4000B5590 /* BoxOfficeCollectionViewCell.swift in Sources */,
				37DA7A9729952898000B5590 /* MovieInfoViewModel.swift in Sources */,
				37DA7AF1299A12BD000B5590 /* SearchMovieViewModel.swift in Sources */,
				37DA7AB829990580000B5590 /* DateSelectCoodinator.swift in Sources */,
				37DA7A532990EAF9000B5590 /* Date+Extension.swift in Sources */,
				37DA7A7129936454000B5590 /* BoxOfficeRepository.swift in Sources */,
				37DA7AFA299A4349000B5590 /* NaverMovieModel.swift in Sources */,
				37DA7A602991CBBE000B5590 /* BoxOfficeEndPoint.swift in Sources */,
				37DA7AAE2998CF75000B5590 /* NaverSearchEndPoint.swift in Sources */,
				37DA7A99299528B7000B5590 /* MovieInfoViewController.swift in Sources */,
				37DA7A952995285A000B5590 /* MovieInfoCoodinator.swift in Sources */,
			);
			runOnlyForDeploymentPostprocessing = 0;
		};
		37DA7A3E2990E04B000B5590 /* Sources */ = {
			isa = PBXSourcesBuildPhase;
			buildActionMask = 2147483647;
			files = (
				37DA7A672991E7A9000B5590 /* BoxOfficeListViewModelTests.swift in Sources */,
				37DA7A4C2990E06A000B5590 /* NetworkManagerTests.swift in Sources */,
				37DA7AA429977093000B5590 /* MockNetworkData.swift in Sources */,
				37DA7AA529977097000B5590 /* MockURLProtocol.swift in Sources */,
				373696E9299D0F3700FE2188 /* SearchMovieViewModelTests.swift in Sources */,
				37DA7AA129976EA6000B5590 /* MovieInfoViewModelTests.swift in Sources */,
				37DA7A4B2990E067000B5590 /* BoxOfficeDecodeTests.swift in Sources */,
			);
			runOnlyForDeploymentPostprocessing = 0;
		};
/* End PBXSourcesBuildPhase section */

/* Begin PBXTargetDependency section */
		37DA7A472990E04B000B5590 /* PBXTargetDependency */ = {
			isa = PBXTargetDependency;
			target = 37DA79D82990C69A000B5590 /* MyBoxOffice */;
			targetProxy = 37DA7A462990E04B000B5590 /* PBXContainerItemProxy */;
		};
/* End PBXTargetDependency section */

/* Begin PBXVariantGroup section */
		37DA79E72990C69C000B5590 /* LaunchScreen.storyboard */ = {
			isa = PBXVariantGroup;
			children = (
				37DA79E82990C69C000B5590 /* Base */,
			);
			name = LaunchScreen.storyboard;
			sourceTree = "<group>";
		};
/* End PBXVariantGroup section */

/* Begin XCBuildConfiguration section */
		37DA79EB2990C69C000B5590 /* Debug */ = {
			isa = XCBuildConfiguration;
			buildSettings = {
				ALWAYS_SEARCH_USER_PATHS = NO;
				CLANG_ANALYZER_NONNULL = YES;
				CLANG_ANALYZER_NUMBER_OBJECT_CONVERSION = YES_AGGRESSIVE;
				CLANG_CXX_LANGUAGE_STANDARD = "gnu++20";
				CLANG_ENABLE_MODULES = YES;
				CLANG_ENABLE_OBJC_ARC = YES;
				CLANG_ENABLE_OBJC_WEAK = YES;
				CLANG_WARN_BLOCK_CAPTURE_AUTORELEASING = YES;
				CLANG_WARN_BOOL_CONVERSION = YES;
				CLANG_WARN_COMMA = YES;
				CLANG_WARN_CONSTANT_CONVERSION = YES;
				CLANG_WARN_DEPRECATED_OBJC_IMPLEMENTATIONS = YES;
				CLANG_WARN_DIRECT_OBJC_ISA_USAGE = YES_ERROR;
				CLANG_WARN_DOCUMENTATION_COMMENTS = YES;
				CLANG_WARN_EMPTY_BODY = YES;
				CLANG_WARN_ENUM_CONVERSION = YES;
				CLANG_WARN_INFINITE_RECURSION = YES;
				CLANG_WARN_INT_CONVERSION = YES;
				CLANG_WARN_NON_LITERAL_NULL_CONVERSION = YES;
				CLANG_WARN_OBJC_IMPLICIT_RETAIN_SELF = YES;
				CLANG_WARN_OBJC_LITERAL_CONVERSION = YES;
				CLANG_WARN_OBJC_ROOT_CLASS = YES_ERROR;
				CLANG_WARN_QUOTED_INCLUDE_IN_FRAMEWORK_HEADER = YES;
				CLANG_WARN_RANGE_LOOP_ANALYSIS = YES;
				CLANG_WARN_STRICT_PROTOTYPES = YES;
				CLANG_WARN_SUSPICIOUS_MOVE = YES;
				CLANG_WARN_UNGUARDED_AVAILABILITY = YES_AGGRESSIVE;
				CLANG_WARN_UNREACHABLE_CODE = YES;
				CLANG_WARN__DUPLICATE_METHOD_MATCH = YES;
				COPY_PHASE_STRIP = NO;
				DEBUG_INFORMATION_FORMAT = dwarf;
				ENABLE_STRICT_OBJC_MSGSEND = YES;
				ENABLE_TESTABILITY = YES;
				GCC_C_LANGUAGE_STANDARD = gnu11;
				GCC_DYNAMIC_NO_PIC = NO;
				GCC_NO_COMMON_BLOCKS = YES;
				GCC_OPTIMIZATION_LEVEL = 0;
				GCC_PREPROCESSOR_DEFINITIONS = (
					"DEBUG=1",
					"$(inherited)",
				);
				GCC_WARN_64_TO_32_BIT_CONVERSION = YES;
				GCC_WARN_ABOUT_RETURN_TYPE = YES_ERROR;
				GCC_WARN_UNDECLARED_SELECTOR = YES;
				GCC_WARN_UNINITIALIZED_AUTOS = YES_AGGRESSIVE;
				GCC_WARN_UNUSED_FUNCTION = YES;
				GCC_WARN_UNUSED_VARIABLE = YES;
				IPHONEOS_DEPLOYMENT_TARGET = 16.0;
				MTL_ENABLE_DEBUG_INFO = INCLUDE_SOURCE;
				MTL_FAST_MATH = YES;
				ONLY_ACTIVE_ARCH = YES;
				SDKROOT = iphoneos;
				SWIFT_ACTIVE_COMPILATION_CONDITIONS = DEBUG;
				SWIFT_OPTIMIZATION_LEVEL = "-Onone";
			};
			name = Debug;
		};
		37DA79EC2990C69C000B5590 /* Release */ = {
			isa = XCBuildConfiguration;
			buildSettings = {
				ALWAYS_SEARCH_USER_PATHS = NO;
				CLANG_ANALYZER_NONNULL = YES;
				CLANG_ANALYZER_NUMBER_OBJECT_CONVERSION = YES_AGGRESSIVE;
				CLANG_CXX_LANGUAGE_STANDARD = "gnu++20";
				CLANG_ENABLE_MODULES = YES;
				CLANG_ENABLE_OBJC_ARC = YES;
				CLANG_ENABLE_OBJC_WEAK = YES;
				CLANG_WARN_BLOCK_CAPTURE_AUTORELEASING = YES;
				CLANG_WARN_BOOL_CONVERSION = YES;
				CLANG_WARN_COMMA = YES;
				CLANG_WARN_CONSTANT_CONVERSION = YES;
				CLANG_WARN_DEPRECATED_OBJC_IMPLEMENTATIONS = YES;
				CLANG_WARN_DIRECT_OBJC_ISA_USAGE = YES_ERROR;
				CLANG_WARN_DOCUMENTATION_COMMENTS = YES;
				CLANG_WARN_EMPTY_BODY = YES;
				CLANG_WARN_ENUM_CONVERSION = YES;
				CLANG_WARN_INFINITE_RECURSION = YES;
				CLANG_WARN_INT_CONVERSION = YES;
				CLANG_WARN_NON_LITERAL_NULL_CONVERSION = YES;
				CLANG_WARN_OBJC_IMPLICIT_RETAIN_SELF = YES;
				CLANG_WARN_OBJC_LITERAL_CONVERSION = YES;
				CLANG_WARN_OBJC_ROOT_CLASS = YES_ERROR;
				CLANG_WARN_QUOTED_INCLUDE_IN_FRAMEWORK_HEADER = YES;
				CLANG_WARN_RANGE_LOOP_ANALYSIS = YES;
				CLANG_WARN_STRICT_PROTOTYPES = YES;
				CLANG_WARN_SUSPICIOUS_MOVE = YES;
				CLANG_WARN_UNGUARDED_AVAILABILITY = YES_AGGRESSIVE;
				CLANG_WARN_UNREACHABLE_CODE = YES;
				CLANG_WARN__DUPLICATE_METHOD_MATCH = YES;
				COPY_PHASE_STRIP = NO;
				DEBUG_INFORMATION_FORMAT = "dwarf-with-dsym";
				ENABLE_NS_ASSERTIONS = NO;
				ENABLE_STRICT_OBJC_MSGSEND = YES;
				GCC_C_LANGUAGE_STANDARD = gnu11;
				GCC_NO_COMMON_BLOCKS = YES;
				GCC_WARN_64_TO_32_BIT_CONVERSION = YES;
				GCC_WARN_ABOUT_RETURN_TYPE = YES_ERROR;
				GCC_WARN_UNDECLARED_SELECTOR = YES;
				GCC_WARN_UNINITIALIZED_AUTOS = YES_AGGRESSIVE;
				GCC_WARN_UNUSED_FUNCTION = YES;
				GCC_WARN_UNUSED_VARIABLE = YES;
				IPHONEOS_DEPLOYMENT_TARGET = 16.0;
				MTL_ENABLE_DEBUG_INFO = NO;
				MTL_FAST_MATH = YES;
				SDKROOT = iphoneos;
				SWIFT_COMPILATION_MODE = wholemodule;
				SWIFT_OPTIMIZATION_LEVEL = "-O";
				VALIDATE_PRODUCT = YES;
			};
			name = Release;
		};
		37DA79EE2990C69C000B5590 /* Debug */ = {
			isa = XCBuildConfiguration;
			buildSettings = {
				ASSETCATALOG_COMPILER_APPICON_NAME = AppIcon;
				ASSETCATALOG_COMPILER_GLOBAL_ACCENT_COLOR_NAME = AccentColor;
				CODE_SIGN_STYLE = Automatic;
				CURRENT_PROJECT_VERSION = 1;
				DEVELOPMENT_TEAM = T88X9NULSG;
				GENERATE_INFOPLIST_FILE = YES;
				INFOPLIST_FILE = MyBoxOffice/Resources/Info.plist;
				INFOPLIST_KEY_UIApplicationSupportsIndirectInputEvents = YES;
				INFOPLIST_KEY_UILaunchStoryboardName = LaunchScreen;
				INFOPLIST_KEY_UISupportedInterfaceOrientations_iPad = "UIInterfaceOrientationPortrait UIInterfaceOrientationPortraitUpsideDown UIInterfaceOrientationLandscapeLeft UIInterfaceOrientationLandscapeRight";
				INFOPLIST_KEY_UISupportedInterfaceOrientations_iPhone = "UIInterfaceOrientationPortrait UIInterfaceOrientationLandscapeLeft UIInterfaceOrientationLandscapeRight";
				IPHONEOS_DEPLOYMENT_TARGET = 16.0;
				LD_RUNPATH_SEARCH_PATHS = (
					"$(inherited)",
					"@executable_path/Frameworks",
				);
				MARKETING_VERSION = 1.0;
				PRODUCT_BUNDLE_IDENTIFIER = com.Groot.MyBoxOffice;
				PRODUCT_NAME = "$(TARGET_NAME)";
				SUPPORTED_PLATFORMS = "iphoneos iphonesimulator";
				SUPPORTS_MACCATALYST = NO;
				SUPPORTS_MAC_DESIGNED_FOR_IPHONE_IPAD = NO;
				SWIFT_EMIT_LOC_STRINGS = YES;
				SWIFT_VERSION = 5.0;
				TARGETED_DEVICE_FAMILY = 1;
			};
			name = Debug;
		};
		37DA79EF2990C69C000B5590 /* Release */ = {
			isa = XCBuildConfiguration;
			buildSettings = {
				ASSETCATALOG_COMPILER_APPICON_NAME = AppIcon;
				ASSETCATALOG_COMPILER_GLOBAL_ACCENT_COLOR_NAME = AccentColor;
				CODE_SIGN_STYLE = Automatic;
				CURRENT_PROJECT_VERSION = 1;
				DEVELOPMENT_TEAM = T88X9NULSG;
				GENERATE_INFOPLIST_FILE = YES;
				INFOPLIST_FILE = MyBoxOffice/Resources/Info.plist;
				INFOPLIST_KEY_UIApplicationSupportsIndirectInputEvents = YES;
				INFOPLIST_KEY_UILaunchStoryboardName = LaunchScreen;
				INFOPLIST_KEY_UISupportedInterfaceOrientations_iPad = "UIInterfaceOrientationPortrait UIInterfaceOrientationPortraitUpsideDown UIInterfaceOrientationLandscapeLeft UIInterfaceOrientationLandscapeRight";
				INFOPLIST_KEY_UISupportedInterfaceOrientations_iPhone = "UIInterfaceOrientationPortrait UIInterfaceOrientationLandscapeLeft UIInterfaceOrientationLandscapeRight";
				IPHONEOS_DEPLOYMENT_TARGET = 16.0;
				LD_RUNPATH_SEARCH_PATHS = (
					"$(inherited)",
					"@executable_path/Frameworks",
				);
				MARKETING_VERSION = 1.0;
				PRODUCT_BUNDLE_IDENTIFIER = com.Groot.MyBoxOffice;
				PRODUCT_NAME = "$(TARGET_NAME)";
				SUPPORTED_PLATFORMS = "iphoneos iphonesimulator";
				SUPPORTS_MACCATALYST = NO;
				SUPPORTS_MAC_DESIGNED_FOR_IPHONE_IPAD = NO;
				SWIFT_EMIT_LOC_STRINGS = YES;
				SWIFT_VERSION = 5.0;
				TARGETED_DEVICE_FAMILY = 1;
			};
			name = Release;
		};
		37DA7A492990E04B000B5590 /* Debug */ = {
			isa = XCBuildConfiguration;
			buildSettings = {
				BUNDLE_LOADER = "$(TEST_HOST)";
				CODE_SIGN_STYLE = Automatic;
				CURRENT_PROJECT_VERSION = 1;
				DEVELOPMENT_TEAM = T88X9NULSG;
				GENERATE_INFOPLIST_FILE = YES;
				IPHONEOS_DEPLOYMENT_TARGET = 16.0;
				MACOSX_DEPLOYMENT_TARGET = 13.0;
				MARKETING_VERSION = 1.0;
				PRODUCT_BUNDLE_IDENTIFIER = com.Groot.MyBoxOfficeTests;
				PRODUCT_NAME = "$(TARGET_NAME)";
				SDKROOT = auto;
				SUPPORTED_PLATFORMS = "iphoneos iphonesimulator";
				SUPPORTS_MACCATALYST = NO;
				SUPPORTS_MAC_DESIGNED_FOR_IPHONE_IPAD = NO;
				SWIFT_EMIT_LOC_STRINGS = NO;
				SWIFT_VERSION = 5.0;
				TARGETED_DEVICE_FAMILY = 1;
				TEST_HOST = "$(BUILT_PRODUCTS_DIR)/MyBoxOffice.app/$(BUNDLE_EXECUTABLE_FOLDER_PATH)/MyBoxOffice";
			};
			name = Debug;
		};
		37DA7A4A2990E04B000B5590 /* Release */ = {
			isa = XCBuildConfiguration;
			buildSettings = {
				BUNDLE_LOADER = "$(TEST_HOST)";
				CODE_SIGN_STYLE = Automatic;
				CURRENT_PROJECT_VERSION = 1;
				DEVELOPMENT_TEAM = T88X9NULSG;
				GENERATE_INFOPLIST_FILE = YES;
				IPHONEOS_DEPLOYMENT_TARGET = 16.0;
				MACOSX_DEPLOYMENT_TARGET = 13.0;
				MARKETING_VERSION = 1.0;
				PRODUCT_BUNDLE_IDENTIFIER = com.Groot.MyBoxOfficeTests;
				PRODUCT_NAME = "$(TARGET_NAME)";
				SDKROOT = auto;
				SUPPORTED_PLATFORMS = "iphoneos iphonesimulator";
				SUPPORTS_MACCATALYST = NO;
				SUPPORTS_MAC_DESIGNED_FOR_IPHONE_IPAD = NO;
				SWIFT_EMIT_LOC_STRINGS = NO;
				SWIFT_VERSION = 5.0;
				TARGETED_DEVICE_FAMILY = 1;
				TEST_HOST = "$(BUILT_PRODUCTS_DIR)/MyBoxOffice.app/$(BUNDLE_EXECUTABLE_FOLDER_PATH)/MyBoxOffice";
			};
			name = Release;
		};
/* End XCBuildConfiguration section */

/* Begin XCConfigurationList section */
		37DA79D42990C69A000B5590 /* Build configuration list for PBXProject "MyBoxOffice" */ = {
			isa = XCConfigurationList;
			buildConfigurations = (
				37DA79EB2990C69C000B5590 /* Debug */,
				37DA79EC2990C69C000B5590 /* Release */,
			);
			defaultConfigurationIsVisible = 0;
			defaultConfigurationName = Release;
		};
		37DA79ED2990C69C000B5590 /* Build configuration list for PBXNativeTarget "MyBoxOffice" */ = {
			isa = XCConfigurationList;
			buildConfigurations = (
				37DA79EE2990C69C000B5590 /* Debug */,
				37DA79EF2990C69C000B5590 /* Release */,
			);
			defaultConfigurationIsVisible = 0;
			defaultConfigurationName = Release;
		};
		37DA7A482990E04B000B5590 /* Build configuration list for PBXNativeTarget "MyBoxOfficeTests" */ = {
			isa = XCConfigurationList;
			buildConfigurations = (
				37DA7A492990E04B000B5590 /* Debug */,
				37DA7A4A2990E04B000B5590 /* Release */,
			);
			defaultConfigurationIsVisible = 0;
			defaultConfigurationName = Release;
		};
/* End XCConfigurationList section */

/* Begin XCRemoteSwiftPackageReference section */
		37DA7A092990D2CB000B5590 /* XCRemoteSwiftPackageReference "Alamofire" */ = {
			isa = XCRemoteSwiftPackageReference;
			repositoryURL = "https://github.com/Alamofire/Alamofire.git";
			requirement = {
				branch = master;
				kind = branch;
			};
		};
		37DA7A282990DCC5000B5590 /* XCRemoteSwiftPackageReference "RxSwift" */ = {
			isa = XCRemoteSwiftPackageReference;
			repositoryURL = "https://github.com/ReactiveX/RxSwift.git";
			requirement = {
				branch = main;
				kind = branch;
			};
		};
		37DA7A73299369D2000B5590 /* XCRemoteSwiftPackageReference "SnapKit" */ = {
			isa = XCRemoteSwiftPackageReference;
			repositoryURL = "https://github.com/SnapKit/SnapKit";
			requirement = {
				branch = develop;
				kind = branch;
			};
		};
/* End XCRemoteSwiftPackageReference section */

/* Begin XCSwiftPackageProductDependency section */
		37DA7A0A2990D2CB000B5590 /* Alamofire */ = {
			isa = XCSwiftPackageProductDependency;
			package = 37DA7A092990D2CB000B5590 /* XCRemoteSwiftPackageReference "Alamofire" */;
			productName = Alamofire;
		};
		37DA7A292990DCC5000B5590 /* RxCocoa */ = {
			isa = XCSwiftPackageProductDependency;
			package = 37DA7A282990DCC5000B5590 /* XCRemoteSwiftPackageReference "RxSwift" */;
			productName = RxCocoa;
		};
		37DA7A2B2990DCC5000B5590 /* RxRelay */ = {
			isa = XCSwiftPackageProductDependency;
			package = 37DA7A282990DCC5000B5590 /* XCRemoteSwiftPackageReference "RxSwift" */;
			productName = RxRelay;
		};
		37DA7A2D2990DCC5000B5590 /* RxSwift */ = {
			isa = XCSwiftPackageProductDependency;
			package = 37DA7A282990DCC5000B5590 /* XCRemoteSwiftPackageReference "RxSwift" */;
			productName = RxSwift;
		};
		37DA7A74299369D2000B5590 /* SnapKit */ = {
			isa = XCSwiftPackageProductDependency;
			package = 37DA7A73299369D2000B5590 /* XCRemoteSwiftPackageReference "SnapKit" */;
			productName = SnapKit;
		};
		37DA7AA92997736A000B5590 /* RxCocoa */ = {
			isa = XCSwiftPackageProductDependency;
			package = 37DA7A282990DCC5000B5590 /* XCRemoteSwiftPackageReference "RxSwift" */;
			productName = RxCocoa;
		};
/* End XCSwiftPackageProductDependency section */
	};
	rootObject = 37DA79D12990C69A000B5590 /* Project object */;
}
